
Microsoft Visual Studio Solution File, Format Version 12.00
# Visual Studio 15
VisualStudioVersion = 15.0.27703.2018
MinimumVisualStudioVersion = 10.0.40219.1
Project("{FAE04EC0-301F-11D3-BF4B-00C04F79EFBC}") = "ExamenProgFinal_Marc-Antoine_Pinel", "ExamenProgFinal_Marc-Antoine_Pinel\ExamenProgFinal_Marc-Antoine_Pinel.csproj", "{3A37349B-7BA0-493C-A294-E975417CAA06}"
EndProject
Global
	GlobalSection(SolutionConfigurationPlatforms) = preSolution
		Debug|Any CPU = Debug|Any CPU
		Release|Any CPU = Release|Any CPU
	EndGlobalSection
	GlobalSection(ProjectConfigurationPlatforms) = postSolution
		{3A37349B-7BA0-493C-A294-E975417CAA06}.Debug|Any CPU.ActiveCfg = Debug|Any CPU
		{3A37349B-7BA0-493C-A294-E975417CAA06}.Debug|Any CPU.Build.0 = Debug|Any CPU
		{3A37349B-7BA0-493C-A294-E975417CAA06}.Release|Any CPU.ActiveCfg = Release|Any CPU
		{3A37349B-7BA0-493C-A294-E975417CAA06}.Release|Any CPU.Build.0 = Release|Any CPU
	EndGlobalSection
	GlobalSection(SolutionProperties) = preSolution
		HideSolutionNode = FALSE
	EndGlobalSection
	GlobalSection(ExtensibilityGlobals) = postSolution
		SolutionGuid = {05670E13-496F-4B17-B97B-BCA6486E1DA7}
	EndGlobalSection
EndGlobal
